// !$*UTF8*$!
{
	archiveVersion = 1;
	classes = {
	};
	objectVersion = 48;
	objects = {

/* Begin PBXBuildFile section */
		A100FAD71FC0AA4800E096B3 /* Entity.swift in Sources */ = {isa = PBXBuildFile; fileRef = A100FAD61FC0AA4800E096B3 /* Entity.swift */; };
		A100FAD91FC0ABFC00E096B3 /* iOSRootWireframe.swift in Sources */ = {isa = PBXBuildFile; fileRef = A100FAD81FC0ABFC00E096B3 /* iOSRootWireframe.swift */; };
		A100FADB1FC0ACDE00E096B3 /* Dependencies.swift in Sources */ = {isa = PBXBuildFile; fileRef = A100FADA1FC0ACDE00E096B3 /* Dependencies.swift */; };
		A100FADE1FC0B27300E096B3 /* ViewControllerFactory.swift in Sources */ = {isa = PBXBuildFile; fileRef = A100FADD1FC0B27300E096B3 /* ViewControllerFactory.swift */; };
		A17910D81FC0DAFA00017E00 /* AEXML.framework in Frameworks */ = {isa = PBXBuildFile; fileRef = A17910D71FC0DAFA00017E00 /* AEXML.framework */; };
		A18E55761FC06944008C7801 /* AppDelegate.swift in Sources */ = {isa = PBXBuildFile; fileRef = A18E55751FC06944008C7801 /* AppDelegate.swift */; };
		A18E55781FC06944008C7801 /* MainViewController.swift in Sources */ = {isa = PBXBuildFile; fileRef = A18E55771FC06944008C7801 /* MainViewController.swift */; };
		A18E557B1FC06944008C7801 /* Main.storyboard in Resources */ = {isa = PBXBuildFile; fileRef = A18E55791FC06944008C7801 /* Main.storyboard */; };
		A18E557D1FC06944008C7801 /* Assets.xcassets in Resources */ = {isa = PBXBuildFile; fileRef = A18E557C1FC06944008C7801 /* Assets.xcassets */; };
		A18E55801FC06944008C7801 /* LaunchScreen.storyboard in Resources */ = {isa = PBXBuildFile; fileRef = A18E557E1FC06944008C7801 /* LaunchScreen.storyboard */; };
		A18E55891FC073C7008C7801 /* View.swift in Sources */ = {isa = PBXBuildFile; fileRef = A18E55881FC073C7008C7801 /* View.swift */; };
		A18E558B1FC073E9008C7801 /* BaseViewController.swift in Sources */ = {isa = PBXBuildFile; fileRef = A18E558A1FC073E9008C7801 /* BaseViewController.swift */; };
		A18E55911FC07B46008C7801 /* SearchViewController.swift in Sources */ = {isa = PBXBuildFile; fileRef = A18E55901FC07B46008C7801 /* SearchViewController.swift */; };
		A18E55931FC07B7F008C7801 /* Presenter.swift in Sources */ = {isa = PBXBuildFile; fileRef = A18E55921FC07B7F008C7801 /* Presenter.swift */; };
		A18E55961FC07BC5008C7801 /* MainPresenter.swift in Sources */ = {isa = PBXBuildFile; fileRef = A18E55951FC07BC5008C7801 /* MainPresenter.swift */; };
		A18E559F1FC0A04D008C7801 /* Interactor.swift in Sources */ = {isa = PBXBuildFile; fileRef = A18E559E1FC0A04D008C7801 /* Interactor.swift */; };
		A18E55A11FC0A064008C7801 /* Wirteframe.swift in Sources */ = {isa = PBXBuildFile; fileRef = A18E55A01FC0A064008C7801 /* Wirteframe.swift */; };
		A18E55A41FC0A1DF008C7801 /* RootWireframe.swift in Sources */ = {isa = PBXBuildFile; fileRef = A18E55A31FC0A1DF008C7801 /* RootWireframe.swift */; };
		A18E55A61FC0A22F008C7801 /* iOSDependencies.swift in Sources */ = {isa = PBXBuildFile; fileRef = A18E55A51FC0A22F008C7801 /* iOSDependencies.swift */; };
		A18E55A91FC0A2B7008C7801 /* AppConfiguration.swift in Sources */ = {isa = PBXBuildFile; fileRef = A18E55A81FC0A2B7008C7801 /* AppConfiguration.swift */; };
		A18E55AB1FC0A2CA008C7801 /* AppEndPoint.swift in Sources */ = {isa = PBXBuildFile; fileRef = A18E55AA1FC0A2CA008C7801 /* AppEndPoint.swift */; };
		A18E55AE1FC0A671008C7801 /* NetworkingProtocols.swift in Sources */ = {isa = PBXBuildFile; fileRef = A18E55AD1FC0A671008C7801 /* NetworkingProtocols.swift */; };
		A18E55B01FC0A6F1008C7801 /* Repository.swift in Sources */ = {isa = PBXBuildFile; fileRef = A18E55AF1FC0A6F1008C7801 /* Repository.swift */; };
/* End PBXBuildFile section */

/* Begin PBXFileReference section */
		A100FAD61FC0AA4800E096B3 /* Entity.swift */ = {isa = PBXFileReference; lastKnownFileType = sourcecode.swift; path = Entity.swift; sourceTree = "<group>"; };
		A100FAD81FC0ABFC00E096B3 /* iOSRootWireframe.swift */ = {isa = PBXFileReference; lastKnownFileType = sourcecode.swift; path = iOSRootWireframe.swift; sourceTree = "<group>"; };
		A100FADA1FC0ACDE00E096B3 /* Dependencies.swift */ = {isa = PBXFileReference; lastKnownFileType = sourcecode.swift; path = Dependencies.swift; sourceTree = "<group>"; };
		A100FADD1FC0B27300E096B3 /* ViewControllerFactory.swift */ = {isa = PBXFileReference; lastKnownFileType = sourcecode.swift; path = ViewControllerFactory.swift; sourceTree = "<group>"; };
		A17910D71FC0DAFA00017E00 /* AEXML.framework */ = {isa = PBXFileReference; lastKnownFileType = wrapper.framework; name = AEXML.framework; path = Carthage/Build/iOS/AEXML.framework; sourceTree = "<group>"; };
		A18E55721FC06944008C7801 /* ZonaApp.app */ = {isa = PBXFileReference; explicitFileType = wrapper.application; includeInIndex = 0; path = ZonaApp.app; sourceTree = BUILT_PRODUCTS_DIR; };
		A18E55751FC06944008C7801 /* AppDelegate.swift */ = {isa = PBXFileReference; lastKnownFileType = sourcecode.swift; path = AppDelegate.swift; sourceTree = "<group>"; };
		A18E55771FC06944008C7801 /* MainViewController.swift */ = {isa = PBXFileReference; lastKnownFileType = sourcecode.swift; path = MainViewController.swift; sourceTree = "<group>"; };
		A18E557A1FC06944008C7801 /* Base */ = {isa = PBXFileReference; lastKnownFileType = file.storyboard; name = Base; path = Base.lproj/Main.storyboard; sourceTree = "<group>"; };
		A18E557C1FC06944008C7801 /* Assets.xcassets */ = {isa = PBXFileReference; lastKnownFileType = folder.assetcatalog; path = Assets.xcassets; sourceTree = "<group>"; };
		A18E557F1FC06944008C7801 /* Base */ = {isa = PBXFileReference; lastKnownFileType = file.storyboard; name = Base; path = Base.lproj/LaunchScreen.storyboard; sourceTree = "<group>"; };
		A18E55811FC06944008C7801 /* Info.plist */ = {isa = PBXFileReference; lastKnownFileType = text.plist.xml; path = Info.plist; sourceTree = "<group>"; };
		A18E55881FC073C7008C7801 /* View.swift */ = {isa = PBXFileReference; lastKnownFileType = sourcecode.swift; path = View.swift; sourceTree = "<group>"; };
		A18E558A1FC073E9008C7801 /* BaseViewController.swift */ = {isa = PBXFileReference; lastKnownFileType = sourcecode.swift; path = BaseViewController.swift; sourceTree = "<group>"; };
		A18E55901FC07B46008C7801 /* SearchViewController.swift */ = {isa = PBXFileReference; lastKnownFileType = sourcecode.swift; path = SearchViewController.swift; sourceTree = "<group>"; };
		A18E55921FC07B7F008C7801 /* Presenter.swift */ = {isa = PBXFileReference; lastKnownFileType = sourcecode.swift; path = Presenter.swift; sourceTree = "<group>"; };
		A18E55951FC07BC5008C7801 /* MainPresenter.swift */ = {isa = PBXFileReference; lastKnownFileType = sourcecode.swift; path = MainPresenter.swift; sourceTree = "<group>"; };
		A18E559E1FC0A04D008C7801 /* Interactor.swift */ = {isa = PBXFileReference; lastKnownFileType = sourcecode.swift; path = Interactor.swift; sourceTree = "<group>"; };
		A18E55A01FC0A064008C7801 /* Wirteframe.swift */ = {isa = PBXFileReference; lastKnownFileType = sourcecode.swift; path = Wirteframe.swift; sourceTree = "<group>"; };
		A18E55A31FC0A1DF008C7801 /* RootWireframe.swift */ = {isa = PBXFileReference; lastKnownFileType = sourcecode.swift; path = RootWireframe.swift; sourceTree = "<group>"; };
		A18E55A51FC0A22F008C7801 /* iOSDependencies.swift */ = {isa = PBXFileReference; lastKnownFileType = sourcecode.swift; path = iOSDependencies.swift; sourceTree = "<group>"; };
		A18E55A81FC0A2B7008C7801 /* AppConfiguration.swift */ = {isa = PBXFileReference; lastKnownFileType = sourcecode.swift; path = AppConfiguration.swift; sourceTree = "<group>"; };
		A18E55AA1FC0A2CA008C7801 /* AppEndPoint.swift */ = {isa = PBXFileReference; lastKnownFileType = sourcecode.swift; path = AppEndPoint.swift; sourceTree = "<group>"; };
		A18E55AD1FC0A671008C7801 /* NetworkingProtocols.swift */ = {isa = PBXFileReference; lastKnownFileType = sourcecode.swift; path = NetworkingProtocols.swift; sourceTree = "<group>"; };
		A18E55AF1FC0A6F1008C7801 /* Repository.swift */ = {isa = PBXFileReference; lastKnownFileType = sourcecode.swift; path = Repository.swift; sourceTree = "<group>"; };
/* End PBXFileReference section */

/* Begin PBXFrameworksBuildPhase section */
		A18E556F1FC06944008C7801 /* Frameworks */ = {
			isa = PBXFrameworksBuildPhase;
			buildActionMask = 2147483647;
			files = (
				A17910D81FC0DAFA00017E00 /* AEXML.framework in Frameworks */,
			);
			runOnlyForDeploymentPostprocessing = 0;
		};
/* End PBXFrameworksBuildPhase section */

/* Begin PBXGroup section */
		A100FADC1FC0B0DA00E096B3 /* Factories */ = {
			isa = PBXGroup;
			children = (
				A100FADD1FC0B27300E096B3 /* ViewControllerFactory.swift */,
			);
			path = Factories;
			sourceTree = "<group>";
		};
		A100FADF1FC0B6C500E096B3 /* View */ = {
			isa = PBXGroup;
			children = (
				A18E55901FC07B46008C7801 /* SearchViewController.swift */,
			);
			path = View;
			sourceTree = "<group>";
		};
		A100FAE01FC0B6CD00E096B3 /* ViewModel */ = {
			isa = PBXGroup;
			children = (
			);
			name = ViewModel;
			sourceTree = "<group>";
		};
		A100FAE11FC0B6D200E096B3 /* Model */ = {
			isa = PBXGroup;
			children = (
			);
			path = Model;
			sourceTree = "<group>";
		};
		A100FAE21FC0B6D500E096B3 /* Presenter */ = {
			isa = PBXGroup;
			children = (
			);
			path = Presenter;
			sourceTree = "<group>";
		};
		A100FAE31FC0B6DE00E096B3 /* Interactor */ = {
			isa = PBXGroup;
			children = (
			);
			path = Interactor;
			sourceTree = "<group>";
		};
		A17910D61FC0DAF900017E00 /* Frameworks */ = {
			isa = PBXGroup;
			children = (
				A17910D71FC0DAFA00017E00 /* AEXML.framework */,
			);
			name = Frameworks;
			sourceTree = "<group>";
		};
		A18E55691FC06944008C7801 = {
			isa = PBXGroup;
			children = (
				A18E55741FC06944008C7801 /* ZonaApp */,
				A18E55731FC06944008C7801 /* Products */,
				A17910D61FC0DAF900017E00 /* Frameworks */,
			);
			sourceTree = "<group>";
		};
		A18E55731FC06944008C7801 /* Products */ = {
			isa = PBXGroup;
			children = (
				A18E55721FC06944008C7801 /* ZonaApp.app */,
			);
			name = Products;
			sourceTree = "<group>";
		};
		A18E55741FC06944008C7801 /* ZonaApp */ = {
			isa = PBXGroup;
			children = (
				A18E55751FC06944008C7801 /* AppDelegate.swift */,
				A18E55AC1FC0A62D008C7801 /* Networking */,
				A18E55871FC073BC008C7801 /* Domain */,
				A18E558D1FC07AFB008C7801 /* Modules */,
				A18E55791FC06944008C7801 /* Main.storyboard */,
				A18E557C1FC06944008C7801 /* Assets.xcassets */,
				A18E557E1FC06944008C7801 /* LaunchScreen.storyboard */,
				A18E55811FC06944008C7801 /* Info.plist */,
			);
			path = ZonaApp;
			sourceTree = "<group>";
		};
		A18E55871FC073BC008C7801 /* Domain */ = {
			isa = PBXGroup;
			children = (
				A18E55B11FC0A712008C7801 /* Repository */,
				A18E55A21FC0A1B5008C7801 /* Core */,
				A18E559D1FC0A035008C7801 /* Protocols */,
				A18E559C1FC0A01E008C7801 /* Base Objects */,
				A18E55A71FC0A261008C7801 /* Model */,
				A100FADC1FC0B0DA00E096B3 /* Factories */,
			);
			path = Domain;
			sourceTree = "<group>";
		};
		A18E558D1FC07AFB008C7801 /* Modules */ = {
			isa = PBXGroup;
			children = (
				A18E558E1FC07B09008C7801 /* Main */,
				A18E558F1FC07B14008C7801 /* Search */,
			);
			path = Modules;
			sourceTree = "<group>";
		};
		A18E558E1FC07B09008C7801 /* Main */ = {
			isa = PBXGroup;
			children = (
				A18E559B1FC09FF7008C7801 /* Interactor */,
				A18E559A1FC09FF1008C7801 /* Presenter */,
				A18E55981FC09FCC008C7801 /* Model */,
				A18E55991FC09FD4008C7801 /* ViewModel */,
				A18E55971FC09FB5008C7801 /* View */,
			);
			path = Main;
			sourceTree = "<group>";
		};
		A18E558F1FC07B14008C7801 /* Search */ = {
			isa = PBXGroup;
			children = (
				A100FAE31FC0B6DE00E096B3 /* Interactor */,
				A100FAE21FC0B6D500E096B3 /* Presenter */,
				A100FAE11FC0B6D200E096B3 /* Model */,
				A100FAE01FC0B6CD00E096B3 /* ViewModel */,
				A100FADF1FC0B6C500E096B3 /* View */,
			);
			path = Search;
			sourceTree = "<group>";
		};
		A18E55971FC09FB5008C7801 /* View */ = {
			isa = PBXGroup;
			children = (
				A18E55771FC06944008C7801 /* MainViewController.swift */,
			);
			path = View;
			sourceTree = "<group>";
		};
		A18E55981FC09FCC008C7801 /* Model */ = {
			isa = PBXGroup;
			children = (
			);
			path = Model;
			sourceTree = "<group>";
		};
		A18E55991FC09FD4008C7801 /* ViewModel */ = {
			isa = PBXGroup;
			children = (
			);
			path = ViewModel;
			sourceTree = "<group>";
		};
		A18E559A1FC09FF1008C7801 /* Presenter */ = {
			isa = PBXGroup;
			children = (
				A18E55951FC07BC5008C7801 /* MainPresenter.swift */,
			);
			path = Presenter;
			sourceTree = "<group>";
		};
		A18E559B1FC09FF7008C7801 /* Interactor */ = {
			isa = PBXGroup;
			children = (
			);
			path = Interactor;
			sourceTree = "<group>";
		};
		A18E559C1FC0A01E008C7801 /* Base Objects */ = {
			isa = PBXGroup;
			children = (
				A18E558A1FC073E9008C7801 /* BaseViewController.swift */,
			);
			path = "Base Objects";
			sourceTree = "<group>";
		};
		A18E559D1FC0A035008C7801 /* Protocols */ = {
			isa = PBXGroup;
			children = (
				A18E55921FC07B7F008C7801 /* Presenter.swift */,
				A18E55881FC073C7008C7801 /* View.swift */,
				A18E559E1FC0A04D008C7801 /* Interactor.swift */,
				A18E55A01FC0A064008C7801 /* Wirteframe.swift */,
				A100FAD61FC0AA4800E096B3 /* Entity.swift */,
			);
			path = Protocols;
			sourceTree = "<group>";
		};
		A18E55A21FC0A1B5008C7801 /* Core */ = {
			isa = PBXGroup;
			children = (
				A100FADA1FC0ACDE00E096B3 /* Dependencies.swift */,
				A18E55A51FC0A22F008C7801 /* iOSDependencies.swift */,
				A18E55A31FC0A1DF008C7801 /* RootWireframe.swift */,
				A100FAD81FC0ABFC00E096B3 /* iOSRootWireframe.swift */,
			);
			path = Core;
			sourceTree = "<group>";
		};
		A18E55A71FC0A261008C7801 /* Model */ = {
			isa = PBXGroup;
			children = (
				A18E55A81FC0A2B7008C7801 /* AppConfiguration.swift */,
				A18E55AA1FC0A2CA008C7801 /* AppEndPoint.swift */,
			);
			path = Model;
			sourceTree = "<group>";
		};
		A18E55AC1FC0A62D008C7801 /* Networking */ = {
			isa = PBXGroup;
			children = (
				A18E55AD1FC0A671008C7801 /* NetworkingProtocols.swift */,
			);
			path = Networking;
			sourceTree = "<group>";
		};
		A18E55B11FC0A712008C7801 /* Repository */ = {
			isa = PBXGroup;
			children = (
				A18E55AF1FC0A6F1008C7801 /* Repository.swift */,
			);
			path = Repository;
			sourceTree = "<group>";
		};
/* End PBXGroup section */

/* Begin PBXNativeTarget section */
		A18E55711FC06944008C7801 /* ZonaApp */ = {
			isa = PBXNativeTarget;
			buildConfigurationList = A18E55841FC06944008C7801 /* Build configuration list for PBXNativeTarget "ZonaApp" */;
			buildPhases = (
				A18E556E1FC06944008C7801 /* Sources */,
				A18E556F1FC06944008C7801 /* Frameworks */,
				A18E55701FC06944008C7801 /* Resources */,
				A17910D91FC0DB3B00017E00 /* ShellScript */,
			);
			buildRules = (
			);
			dependencies = (
			);
			name = ZonaApp;
			productName = ZonaApp;
			productReference = A18E55721FC06944008C7801 /* ZonaApp.app */;
			productType = "com.apple.product-type.application";
		};
/* End PBXNativeTarget section */

/* Begin PBXProject section */
		A18E556A1FC06944008C7801 /* Project object */ = {
			isa = PBXProject;
			attributes = {
				LastSwiftUpdateCheck = 0910;
				LastUpgradeCheck = 0910;
				ORGANIZATIONNAME = "Juan Aparicio Santolalla";
				TargetAttributes = {
					A18E55711FC06944008C7801 = {
						CreatedOnToolsVersion = 9.1;
						ProvisioningStyle = Automatic;
					};
				};
			};
			buildConfigurationList = A18E556D1FC06944008C7801 /* Build configuration list for PBXProject "ZonaApp" */;
			compatibilityVersion = "Xcode 8.0";
			developmentRegion = en;
			hasScannedForEncodings = 0;
			knownRegions = (
				en,
				Base,
			);
			mainGroup = A18E55691FC06944008C7801;
			productRefGroup = A18E55731FC06944008C7801 /* Products */;
			projectDirPath = "";
			projectRoot = "";
			targets = (
				A18E55711FC06944008C7801 /* ZonaApp */,
			);
		};
/* End PBXProject section */

/* Begin PBXResourcesBuildPhase section */
		A18E55701FC06944008C7801 /* Resources */ = {
			isa = PBXResourcesBuildPhase;
			buildActionMask = 2147483647;
			files = (
				A18E55801FC06944008C7801 /* LaunchScreen.storyboard in Resources */,
				A18E557D1FC06944008C7801 /* Assets.xcassets in Resources */,
				A18E557B1FC06944008C7801 /* Main.storyboard in Resources */,
			);
			runOnlyForDeploymentPostprocessing = 0;
		};
/* End PBXResourcesBuildPhase section */

/* Begin PBXShellScriptBuildPhase section */
		A17910D91FC0DB3B00017E00 /* ShellScript */ = {
			isa = PBXShellScriptBuildPhase;
			buildActionMask = 2147483647;
			files = (
			);
			inputPaths = (
				"$(SRCROOT)/Carthage/Build/iOS/AEXML.framework",
			);
			outputPaths = (
				"$(BUILT_PRODUCTS_DIR)/$(FRAMEWORKS_FOLDER_PATH)/AEXML.framework",
			);
			runOnlyForDeploymentPostprocessing = 0;
			shellPath = /bin/sh;
			shellScript = "/usr/local/bin/carthage copy-frameworks";
		};
/* End PBXShellScriptBuildPhase section */

/* Begin PBXSourcesBuildPhase section */
		A18E556E1FC06944008C7801 /* Sources */ = {
			isa = PBXSourcesBuildPhase;
			buildActionMask = 2147483647;
			files = (
				A18E55A41FC0A1DF008C7801 /* RootWireframe.swift in Sources */,
				A18E55AE1FC0A671008C7801 /* NetworkingProtocols.swift in Sources */,
				A18E55B01FC0A6F1008C7801 /* Repository.swift in Sources */,
				A18E55AB1FC0A2CA008C7801 /* AppEndPoint.swift in Sources */,
				A100FAD71FC0AA4800E096B3 /* Entity.swift in Sources */,
				A18E55931FC07B7F008C7801 /* Presenter.swift in Sources */,
				A100FADE1FC0B27300E096B3 /* ViewControllerFactory.swift in Sources */,
				A18E55911FC07B46008C7801 /* SearchViewController.swift in Sources */,
				A18E55781FC06944008C7801 /* MainViewController.swift in Sources */,
				A18E558B1FC073E9008C7801 /* BaseViewController.swift in Sources */,
				A18E55761FC06944008C7801 /* AppDelegate.swift in Sources */,
				A18E55A91FC0A2B7008C7801 /* AppConfiguration.swift in Sources */,
				A18E55A61FC0A22F008C7801 /* iOSDependencies.swift in Sources */,
				A100FADB1FC0ACDE00E096B3 /* Dependencies.swift in Sources */,
				A18E55A11FC0A064008C7801 /* Wirteframe.swift in Sources */,
				A18E55961FC07BC5008C7801 /* MainPresenter.swift in Sources */,
				A100FAD91FC0ABFC00E096B3 /* iOSRootWireframe.swift in Sources */,
				A18E559F1FC0A04D008C7801 /* Interactor.swift in Sources */,
				A18E55891FC073C7008C7801 /* View.swift in Sources */,
			);
			runOnlyForDeploymentPostprocessing = 0;
		};
/* End PBXSourcesBuildPhase section */

/* Begin PBXVariantGroup section */
		A18E55791FC06944008C7801 /* Main.storyboard */ = {
			isa = PBXVariantGroup;
			children = (
				A18E557A1FC06944008C7801 /* Base */,
			);
			name = Main.storyboard;
			sourceTree = "<group>";
		};
		A18E557E1FC06944008C7801 /* LaunchScreen.storyboard */ = {
			isa = PBXVariantGroup;
			children = (
				A18E557F1FC06944008C7801 /* Base */,
			);
			name = LaunchScreen.storyboard;
			sourceTree = "<group>";
		};
/* End PBXVariantGroup section */

/* Begin XCBuildConfiguration section */
		A18E55821FC06944008C7801 /* Debug */ = {
			isa = XCBuildConfiguration;
			buildSettings = {
				ALWAYS_SEARCH_USER_PATHS = NO;
				CLANG_ANALYZER_NONNULL = YES;
				CLANG_ANALYZER_NUMBER_OBJECT_CONVERSION = YES_AGGRESSIVE;
				CLANG_CXX_LANGUAGE_STANDARD = "gnu++14";
				CLANG_CXX_LIBRARY = "libc++";
				CLANG_ENABLE_MODULES = YES;
				CLANG_ENABLE_OBJC_ARC = YES;
				CLANG_WARN_BLOCK_CAPTURE_AUTORELEASING = YES;
				CLANG_WARN_BOOL_CONVERSION = YES;
				CLANG_WARN_COMMA = YES;
				CLANG_WARN_CONSTANT_CONVERSION = YES;
				CLANG_WARN_DIRECT_OBJC_ISA_USAGE = YES_ERROR;
				CLANG_WARN_DOCUMENTATION_COMMENTS = YES;
				CLANG_WARN_EMPTY_BODY = YES;
				CLANG_WARN_ENUM_CONVERSION = YES;
				CLANG_WARN_INFINITE_RECURSION = YES;
				CLANG_WARN_INT_CONVERSION = YES;
				CLANG_WARN_NON_LITERAL_NULL_CONVERSION = YES;
				CLANG_WARN_OBJC_LITERAL_CONVERSION = YES;
				CLANG_WARN_OBJC_ROOT_CLASS = YES_ERROR;
				CLANG_WARN_RANGE_LOOP_ANALYSIS = YES;
				CLANG_WARN_STRICT_PROTOTYPES = YES;
				CLANG_WARN_SUSPICIOUS_MOVE = YES;
				CLANG_WARN_UNGUARDED_AVAILABILITY = YES_AGGRESSIVE;
				CLANG_WARN_UNREACHABLE_CODE = YES;
				CLANG_WARN__DUPLICATE_METHOD_MATCH = YES;
				CODE_SIGN_IDENTITY = "iPhone Developer";
				COPY_PHASE_STRIP = NO;
				DEBUG_INFORMATION_FORMAT = dwarf;
				ENABLE_STRICT_OBJC_MSGSEND = YES;
				ENABLE_TESTABILITY = YES;
				GCC_C_LANGUAGE_STANDARD = gnu11;
				GCC_DYNAMIC_NO_PIC = NO;
				GCC_NO_COMMON_BLOCKS = YES;
				GCC_OPTIMIZATION_LEVEL = 0;
				GCC_PREPROCESSOR_DEFINITIONS = (
					"DEBUG=1",
					"$(inherited)",
				);
				GCC_WARN_64_TO_32_BIT_CONVERSION = YES;
				GCC_WARN_ABOUT_RETURN_TYPE = YES_ERROR;
				GCC_WARN_UNDECLARED_SELECTOR = YES;
				GCC_WARN_UNINITIALIZED_AUTOS = YES_AGGRESSIVE;
				GCC_WARN_UNUSED_FUNCTION = YES;
				GCC_WARN_UNUSED_VARIABLE = YES;
				IPHONEOS_DEPLOYMENT_TARGET = 11.1;
				MTL_ENABLE_DEBUG_INFO = YES;
				ONLY_ACTIVE_ARCH = YES;
				SDKROOT = iphoneos;
				SWIFT_ACTIVE_COMPILATION_CONDITIONS = DEBUG;
				SWIFT_OPTIMIZATION_LEVEL = "-Onone";
			};
			name = Debug;
		};
		A18E55831FC06944008C7801 /* Release */ = {
			isa = XCBuildConfiguration;
			buildSettings = {
				ALWAYS_SEARCH_USER_PATHS = NO;
				CLANG_ANALYZER_NONNULL = YES;
				CLANG_ANALYZER_NUMBER_OBJECT_CONVERSION = YES_AGGRESSIVE;
				CLANG_CXX_LANGUAGE_STANDARD = "gnu++14";
				CLANG_CXX_LIBRARY = "libc++";
				CLANG_ENABLE_MODULES = YES;
				CLANG_ENABLE_OBJC_ARC = YES;
				CLANG_WARN_BLOCK_CAPTURE_AUTORELEASING = YES;
				CLANG_WARN_BOOL_CONVERSION = YES;
				CLANG_WARN_COMMA = YES;
				CLANG_WARN_CONSTANT_CONVERSION = YES;
				CLANG_WARN_DIRECT_OBJC_ISA_USAGE = YES_ERROR;
				CLANG_WARN_DOCUMENTATION_COMMENTS = YES;
				CLANG_WARN_EMPTY_BODY = YES;
				CLANG_WARN_ENUM_CONVERSION = YES;
				CLANG_WARN_INFINITE_RECURSION = YES;
				CLANG_WARN_INT_CONVERSION = YES;
				CLANG_WARN_NON_LITERAL_NULL_CONVERSION = YES;
				CLANG_WARN_OBJC_LITERAL_CONVERSION = YES;
				CLANG_WARN_OBJC_ROOT_CLASS = YES_ERROR;
				CLANG_WARN_RANGE_LOOP_ANALYSIS = YES;
				CLANG_WARN_STRICT_PROTOTYPES = YES;
				CLANG_WARN_SUSPICIOUS_MOVE = YES;
				CLANG_WARN_UNGUARDED_AVAILABILITY = YES_AGGRESSIVE;
				CLANG_WARN_UNREACHABLE_CODE = YES;
				CLANG_WARN__DUPLICATE_METHOD_MATCH = YES;
				CODE_SIGN_IDENTITY = "iPhone Developer";
				COPY_PHASE_STRIP = NO;
				DEBUG_INFORMATION_FORMAT = "dwarf-with-dsym";
				ENABLE_NS_ASSERTIONS = NO;
				ENABLE_STRICT_OBJC_MSGSEND = YES;
				GCC_C_LANGUAGE_STANDARD = gnu11;
				GCC_NO_COMMON_BLOCKS = YES;
				GCC_WARN_64_TO_32_BIT_CONVERSION = YES;
				GCC_WARN_ABOUT_RETURN_TYPE = YES_ERROR;
				GCC_WARN_UNDECLARED_SELECTOR = YES;
				GCC_WARN_UNINITIALIZED_AUTOS = YES_AGGRESSIVE;
				GCC_WARN_UNUSED_FUNCTION = YES;
				GCC_WARN_UNUSED_VARIABLE = YES;
				IPHONEOS_DEPLOYMENT_TARGET = 11.1;
				MTL_ENABLE_DEBUG_INFO = NO;
				SDKROOT = iphoneos;
				SWIFT_OPTIMIZATION_LEVEL = "-Owholemodule";
				VALIDATE_PRODUCT = YES;
			};
			name = Release;
		};
		A18E55851FC06944008C7801 /* Debug */ = {
			isa = XCBuildConfiguration;
			buildSettings = {
				ASSETCATALOG_COMPILER_APPICON_NAME = AppIcon;
				CODE_SIGN_STYLE = Automatic;
				DEVELOPMENT_TEAM = HYT82TP5Z4;
				FRAMEWORK_SEARCH_PATHS = (
					"$(inherited)",
					"$(PROJECT_DIR)/Carthage/Build/iOS",
				);
				INFOPLIST_FILE = ZonaApp/Info.plist;
				LD_RUNPATH_SEARCH_PATHS = "$(inherited) @executable_path/Frameworks";
				PRODUCT_BUNDLE_IDENTIFIER = com.teamcreator.Yojanes.ZonaApp;
				PRODUCT_NAME = "$(TARGET_NAME)";
				SWIFT_VERSION = 4.0;
				TARGETED_DEVICE_FAMILY = "1,2";
			};
			name = Debug;
		};
		A18E55861FC06944008C7801 /* Release */ = {
			isa = XCBuildConfiguration;
			buildSettings = {
				ASSETCATALOG_COMPILER_APPICON_NAME = AppIcon;
				CODE_SIGN_STYLE = Automatic;
				DEVELOPMENT_TEAM = HYT82TP5Z4;
				FRAMEWORK_SEARCH_PATHS = (
					"$(inherited)",
					"$(PROJECT_DIR)/Carthage/Build/iOS",
				);
				INFOPLIST_FILE = ZonaApp/Info.plist;
				LD_RUNPATH_SEARCH_PATHS = "$(inherited) @executable_path/Frameworks";
				PRODUCT_BUNDLE_IDENTIFIER = com.teamcreator.Yojanes.ZonaApp;
				PRODUCT_NAME = "$(TARGET_NAME)";
				SWIFT_VERSION = 4.0;
				TARGETED_DEVICE_FAMILY = "1,2";
			};
			name = Release;
		};
/* End XCBuildConfiguration section */

/* Begin XCConfigurationList section */
		A18E556D1FC06944008C7801 /* Build configuration list for PBXProject "ZonaApp" */ = {
			isa = XCConfigurationList;
			buildConfigurations = (
				A18E55821FC06944008C7801 /* Debug */,
				A18E55831FC06944008C7801 /* Release */,
			);
			defaultConfigurationIsVisible = 0;
			defaultConfigurationName = Release;
		};
		A18E55841FC06944008C7801 /* Build configuration list for PBXNativeTarget "ZonaApp" */ = {
			isa = XCConfigurationList;
			buildConfigurations = (
				A18E55851FC06944008C7801 /* Debug */,
				A18E55861FC06944008C7801 /* Release */,
			);
			defaultConfigurationIsVisible = 0;
			defaultConfigurationName = Release;
		};
/* End XCConfigurationList section */
	};
	rootObject = A18E556A1FC06944008C7801 /* Project object */;
}
